
Microsoft Visual Studio Solution File, Format Version 12.00
# Visual Studio 15
VisualStudioVersion = 15.0.28010.2019
MinimumVisualStudioVersion = 10.0.40219.1
Project("{FAE04EC0-301F-11D3-BF4B-00C04F79EFBC}") = "03-HelloWorld-UWP", "03-HelloWorld-UWP\03-HelloWorld-UWP.csproj", "{28E285DB-8D3C-47C3-BBC6-4DB0B253DB57}"
EndProject
Global
	GlobalSection(SolutionConfigurationPlatforms) = preSolution
		Debug|ARM = Debug|ARM
		Debug|x64 = Debug|x64
		Debug|x86 = Debug|x86
		Release|ARM = Release|ARM
		Release|x64 = Release|x64
		Release|x86 = Release|x86
	EndGlobalSection
	GlobalSection(ProjectConfigurationPlatforms) = postSolution
		{28E285DB-8D3C-47C3-BBC6-4DB0B253DB57}.Debug|ARM.ActiveCfg = Debug|ARM
		{28E285DB-8D3C-47C3-BBC6-4DB0B253DB57}.Debug|ARM.Build.0 = Debug|ARM
		{28E285DB-8D3C-47C3-BBC6-4DB0B253DB57}.Debug|ARM.Deploy.0 = Debug|ARM
		{28E285DB-8D3C-47C3-BBC6-4DB0B253DB57}.Debug|x64.ActiveCfg = Debug|x64
		{28E285DB-8D3C-47C3-BBC6-4DB0B253DB57}.Debug|x64.Build.0 = Debug|x64
		{28E285DB-8D3C-47C3-BBC6-4DB0B253DB57}.Debug|x64.Deploy.0 = Debug|x64
		{28E285DB-8D3C-47C3-BBC6-4DB0B253DB57}.Debug|x86.ActiveCfg = Debug|x86
		{28E285DB-8D3C-47C3-BBC6-4DB0B253DB57}.Debug|x86.Build.0 = Debug|x86
		{28E285DB-8D3C-47C3-BBC6-4DB0B253DB57}.Debug|x86.Deploy.0 = Debug|x86
		{28E285DB-8D3C-47C3-BBC6-4DB0B253DB57}.Release|ARM.ActiveCfg = Release|ARM
		{28E285DB-8D3C-47C3-BBC6-4DB0B253DB57}.Release|ARM.Build.0 = Release|ARM
		{28E285DB-8D3C-47C3-BBC6-4DB0B253DB57}.Release|ARM.Deploy.0 = Release|ARM
		{28E285DB-8D3C-47C3-BBC6-4DB0B253DB57}.Release|x64.ActiveCfg = Release|x64
		{28E285DB-8D3C-47C3-BBC6-4DB0B253DB57}.Release|x64.Build.0 = Release|x64
		{28E285DB-8D3C-47C3-BBC6-4DB0B253DB57}.Release|x64.Deploy.0 = Release|x64
		{28E285DB-8D3C-47C3-BBC6-4DB0B253DB57}.Release|x86.ActiveCfg = Release|x86
		{28E285DB-8D3C-47C3-BBC6-4DB0B253DB57}.Release|x86.Build.0 = Release|x86
		{28E285DB-8D3C-47C3-BBC6-4DB0B253DB57}.Release|x86.Deploy.0 = Release|x86
	EndGlobalSection
	GlobalSection(SolutionProperties) = preSolution
		HideSolutionNode = FALSE
	EndGlobalSection
	GlobalSection(ExtensibilityGlobals) = postSolution
		SolutionGuid = {5E7557BF-354C-4DA0-A2CE-A682AFAF0562}
	EndGlobalSection
EndGlobal
