
Microsoft Visual Studio Solution File, Format Version 12.00
# Visual Studio 15
VisualStudioVersion = 15.0.28010.2019
MinimumVisualStudioVersion = 10.0.40219.1
Project("{FAE04EC0-301F-11D3-BF4B-00C04F79EFBC}") = "07-GridLayout", "07-GridLayout\07-GridLayout.csproj", "{A89DB80D-421D-4AC5-8C63-09996BEE8A17}"
EndProject
Global
	GlobalSection(SolutionConfigurationPlatforms) = preSolution
		Debug|ARM = Debug|ARM
		Debug|x64 = Debug|x64
		Debug|x86 = Debug|x86
		Release|ARM = Release|ARM
		Release|x64 = Release|x64
		Release|x86 = Release|x86
	EndGlobalSection
	GlobalSection(ProjectConfigurationPlatforms) = postSolution
		{A89DB80D-421D-4AC5-8C63-09996BEE8A17}.Debug|ARM.ActiveCfg = Debug|ARM
		{A89DB80D-421D-4AC5-8C63-09996BEE8A17}.Debug|ARM.Build.0 = Debug|ARM
		{A89DB80D-421D-4AC5-8C63-09996BEE8A17}.Debug|ARM.Deploy.0 = Debug|ARM
		{A89DB80D-421D-4AC5-8C63-09996BEE8A17}.Debug|x64.ActiveCfg = Debug|x64
		{A89DB80D-421D-4AC5-8C63-09996BEE8A17}.Debug|x64.Build.0 = Debug|x64
		{A89DB80D-421D-4AC5-8C63-09996BEE8A17}.Debug|x64.Deploy.0 = Debug|x64
		{A89DB80D-421D-4AC5-8C63-09996BEE8A17}.Debug|x86.ActiveCfg = Debug|x86
		{A89DB80D-421D-4AC5-8C63-09996BEE8A17}.Debug|x86.Build.0 = Debug|x86
		{A89DB80D-421D-4AC5-8C63-09996BEE8A17}.Debug|x86.Deploy.0 = Debug|x86
		{A89DB80D-421D-4AC5-8C63-09996BEE8A17}.Release|ARM.ActiveCfg = Release|ARM
		{A89DB80D-421D-4AC5-8C63-09996BEE8A17}.Release|ARM.Build.0 = Release|ARM
		{A89DB80D-421D-4AC5-8C63-09996BEE8A17}.Release|ARM.Deploy.0 = Release|ARM
		{A89DB80D-421D-4AC5-8C63-09996BEE8A17}.Release|x64.ActiveCfg = Release|x64
		{A89DB80D-421D-4AC5-8C63-09996BEE8A17}.Release|x64.Build.0 = Release|x64
		{A89DB80D-421D-4AC5-8C63-09996BEE8A17}.Release|x64.Deploy.0 = Release|x64
		{A89DB80D-421D-4AC5-8C63-09996BEE8A17}.Release|x86.ActiveCfg = Release|x86
		{A89DB80D-421D-4AC5-8C63-09996BEE8A17}.Release|x86.Build.0 = Release|x86
		{A89DB80D-421D-4AC5-8C63-09996BEE8A17}.Release|x86.Deploy.0 = Release|x86
	EndGlobalSection
	GlobalSection(SolutionProperties) = preSolution
		HideSolutionNode = FALSE
	EndGlobalSection
	GlobalSection(ExtensibilityGlobals) = postSolution
		SolutionGuid = {15D2E2E3-DF1D-4B63-8662-CBE7C3C3ADBA}
	EndGlobalSection
EndGlobal
