
Microsoft Visual Studio Solution File, Format Version 12.00
# Visual Studio 15
VisualStudioVersion = 15.0.28010.2046
MinimumVisualStudioVersion = 10.0.40219.1
Project("{FAE04EC0-301F-11D3-BF4B-00C04F79EFBC}") = "11-ControlersCollection", "11-ControlersCollection\11-ControlersCollection.csproj", "{AEE023E2-A902-4F62-BD8D-5B814BF109C3}"
EndProject
Global
	GlobalSection(SolutionConfigurationPlatforms) = preSolution
		Debug|ARM = Debug|ARM
		Debug|x64 = Debug|x64
		Debug|x86 = Debug|x86
		Release|ARM = Release|ARM
		Release|x64 = Release|x64
		Release|x86 = Release|x86
	EndGlobalSection
	GlobalSection(ProjectConfigurationPlatforms) = postSolution
		{AEE023E2-A902-4F62-BD8D-5B814BF109C3}.Debug|ARM.ActiveCfg = Debug|ARM
		{AEE023E2-A902-4F62-BD8D-5B814BF109C3}.Debug|ARM.Build.0 = Debug|ARM
		{AEE023E2-A902-4F62-BD8D-5B814BF109C3}.Debug|ARM.Deploy.0 = Debug|ARM
		{AEE023E2-A902-4F62-BD8D-5B814BF109C3}.Debug|x64.ActiveCfg = Debug|x64
		{AEE023E2-A902-4F62-BD8D-5B814BF109C3}.Debug|x64.Build.0 = Debug|x64
		{AEE023E2-A902-4F62-BD8D-5B814BF109C3}.Debug|x64.Deploy.0 = Debug|x64
		{AEE023E2-A902-4F62-BD8D-5B814BF109C3}.Debug|x86.ActiveCfg = Debug|x86
		{AEE023E2-A902-4F62-BD8D-5B814BF109C3}.Debug|x86.Build.0 = Debug|x86
		{AEE023E2-A902-4F62-BD8D-5B814BF109C3}.Debug|x86.Deploy.0 = Debug|x86
		{AEE023E2-A902-4F62-BD8D-5B814BF109C3}.Release|ARM.ActiveCfg = Release|ARM
		{AEE023E2-A902-4F62-BD8D-5B814BF109C3}.Release|ARM.Build.0 = Release|ARM
		{AEE023E2-A902-4F62-BD8D-5B814BF109C3}.Release|ARM.Deploy.0 = Release|ARM
		{AEE023E2-A902-4F62-BD8D-5B814BF109C3}.Release|x64.ActiveCfg = Release|x64
		{AEE023E2-A902-4F62-BD8D-5B814BF109C3}.Release|x64.Build.0 = Release|x64
		{AEE023E2-A902-4F62-BD8D-5B814BF109C3}.Release|x64.Deploy.0 = Release|x64
		{AEE023E2-A902-4F62-BD8D-5B814BF109C3}.Release|x86.ActiveCfg = Release|x86
		{AEE023E2-A902-4F62-BD8D-5B814BF109C3}.Release|x86.Build.0 = Release|x86
		{AEE023E2-A902-4F62-BD8D-5B814BF109C3}.Release|x86.Deploy.0 = Release|x86
	EndGlobalSection
	GlobalSection(SolutionProperties) = preSolution
		HideSolutionNode = FALSE
	EndGlobalSection
	GlobalSection(ExtensibilityGlobals) = postSolution
		SolutionGuid = {9DCC254B-6219-4135-B4F4-7FDF167BA469}
	EndGlobalSection
EndGlobal
